
Microsoft Visual Studio Solution File, Format Version 12.00
# Visual Studio Version 17
VisualStudioVersion = 17.0.32014.148
MinimumVisualStudioVersion = 10.0.40219.1
Project("{9A19103F-16F7-4668-BE54-9A1E7A4F7556}") = "BethanysPieShopHRM.App", "BethanysPieShopHRM2\BethanysPieShopHRM.App.csproj", "{770519CF-64A8-47AC-86E5-613B8EB7602C}"
EndProject
Project("{9A19103F-16F7-4668-BE54-9A1E7A4F7556}") = "BethanysPieShopHRM.Shared", "BethanysPieShopHRM.Shared\BethanysPieShopHRM.Shared.csproj", "{FA2580A6-24FE-46EA-A54D-84A97ACA37BB}"
EndProject
Project("{9A19103F-16F7-4668-BE54-9A1E7A4F7556}") = "BethanysPieShopHRM.Api", "BethanysPieShopHRM.Api\BethanysPieShopHRM.Api.csproj", "{2C3CA0C8-4DBE-4529-B433-2DA656C96219}"
EndProject
Project("{9A19103F-16F7-4668-BE54-9A1E7A4F7556}") = "BethanysPieShopHRM.ComponentsLibrary", "BethanysPieShopHRM.ComponentsLibrary\BethanysPieShopHRM.ComponentsLibrary.csproj", "{AB56FF05-39E9-4CD4-9C53-B3EFE42D8D8B}"
EndProject
Project("{FAE04EC0-301F-11D3-BF4B-00C04F79EFBC}") = "BethanysPieShopHRM.ApiNet6", "BethanysPieShopHRM.ApiNet6\BethanysPieShopHRM.ApiNet6.csproj", "{B8DE252A-EAC0-4008-BDF0-700A67D902B0}"
EndProject
Global
	GlobalSection(SolutionConfigurationPlatforms) = preSolution
		Debug|Any CPU = Debug|Any CPU
		Release|Any CPU = Release|Any CPU
	EndGlobalSection
	GlobalSection(ProjectConfigurationPlatforms) = postSolution
		{770519CF-64A8-47AC-86E5-613B8EB7602C}.Debug|Any CPU.ActiveCfg = Debug|Any CPU
		{770519CF-64A8-47AC-86E5-613B8EB7602C}.Debug|Any CPU.Build.0 = Debug|Any CPU
		{770519CF-64A8-47AC-86E5-613B8EB7602C}.Release|Any CPU.ActiveCfg = Release|Any CPU
		{770519CF-64A8-47AC-86E5-613B8EB7602C}.Release|Any CPU.Build.0 = Release|Any CPU
		{FA2580A6-24FE-46EA-A54D-84A97ACA37BB}.Debug|Any CPU.ActiveCfg = Debug|Any CPU
		{FA2580A6-24FE-46EA-A54D-84A97ACA37BB}.Debug|Any CPU.Build.0 = Debug|Any CPU
		{FA2580A6-24FE-46EA-A54D-84A97ACA37BB}.Release|Any CPU.ActiveCfg = Release|Any CPU
		{FA2580A6-24FE-46EA-A54D-84A97ACA37BB}.Release|Any CPU.Build.0 = Release|Any CPU
		{2C3CA0C8-4DBE-4529-B433-2DA656C96219}.Debug|Any CPU.ActiveCfg = Debug|Any CPU
		{2C3CA0C8-4DBE-4529-B433-2DA656C96219}.Debug|Any CPU.Build.0 = Debug|Any CPU
		{2C3CA0C8-4DBE-4529-B433-2DA656C96219}.Release|Any CPU.ActiveCfg = Release|Any CPU
		{2C3CA0C8-4DBE-4529-B433-2DA656C96219}.Release|Any CPU.Build.0 = Release|Any CPU
		{AB56FF05-39E9-4CD4-9C53-B3EFE42D8D8B}.Debug|Any CPU.ActiveCfg = Debug|Any CPU
		{AB56FF05-39E9-4CD4-9C53-B3EFE42D8D8B}.Debug|Any CPU.Build.0 = Debug|Any CPU
		{AB56FF05-39E9-4CD4-9C53-B3EFE42D8D8B}.Release|Any CPU.ActiveCfg = Release|Any CPU
		{AB56FF05-39E9-4CD4-9C53-B3EFE42D8D8B}.Release|Any CPU.Build.0 = Release|Any CPU
		{B8DE252A-EAC0-4008-BDF0-700A67D902B0}.Debug|Any CPU.ActiveCfg = Debug|Any CPU
		{B8DE252A-EAC0-4008-BDF0-700A67D902B0}.Debug|Any CPU.Build.0 = Debug|Any CPU
		{B8DE252A-EAC0-4008-BDF0-700A67D902B0}.Release|Any CPU.ActiveCfg = Release|Any CPU
		{B8DE252A-EAC0-4008-BDF0-700A67D902B0}.Release|Any CPU.Build.0 = Release|Any CPU
	EndGlobalSection
	GlobalSection(SolutionProperties) = preSolution
		HideSolutionNode = FALSE
	EndGlobalSection
	GlobalSection(ExtensibilityGlobals) = postSolution
		SolutionGuid = {CF732FD3-73EB-4EBF-8A6B-40EF65803F65}
	EndGlobalSection
EndGlobal
